
Microsoft Visual Studio Solution File, Format Version 12.00
# Visual Studio Version 17
VisualStudioVersion = 17.9.34622.214
MinimumVisualStudioVersion = 10.0.40219.1
Project("{8BC9CEB8-8B4A-11D0-8D11-00A0C91BC942}") = "List_sample_quiz_1", "List_sample_quiz_1.vcxproj", "{2E7D077B-2779-431D-BA80-396F8A9D4DE8}"
EndProject
Global
	GlobalSection(SolutionConfigurationPlatforms) = preSolution
		Debug|x64 = Debug|x64
		Debug|x86 = Debug|x86
		Release|x64 = Release|x64
		Release|x86 = Release|x86
	EndGlobalSection
	GlobalSection(ProjectConfigurationPlatforms) = postSolution
		{2E7D077B-2779-431D-BA80-396F8A9D4DE8}.Debug|x64.ActiveCfg = Debug|x64
		{2E7D077B-2779-431D-BA80-396F8A9D4DE8}.Debug|x64.Build.0 = Debug|x64
		{2E7D077B-2779-431D-BA80-396F8A9D4DE8}.Debug|x86.ActiveCfg = Debug|Win32
		{2E7D077B-2779-431D-BA80-396F8A9D4DE8}.Debug|x86.Build.0 = Debug|Win32
		{2E7D077B-2779-431D-BA80-396F8A9D4DE8}.Release|x64.ActiveCfg = Release|x64
		{2E7D077B-2779-431D-BA80-396F8A9D4DE8}.Release|x64.Build.0 = Release|x64
		{2E7D077B-2779-431D-BA80-396F8A9D4DE8}.Release|x86.ActiveCfg = Release|Win32
		{2E7D077B-2779-431D-BA80-396F8A9D4DE8}.Release|x86.Build.0 = Release|Win32
	EndGlobalSection
	GlobalSection(SolutionProperties) = preSolution
		HideSolutionNode = FALSE
	EndGlobalSection
	GlobalSection(ExtensibilityGlobals) = postSolution
		SolutionGuid = {C0B79FC6-31E9-4AB0-8A07-22E7CA2DC8CB}
	EndGlobalSection
EndGlobal
